
Microsoft Visual Studio Solution File, Format Version 12.00
# Visual Studio 14
VisualStudioVersion = 14.0.23107.0
MinimumVisualStudioVersion = 10.0.40219.1
Project("{FAE04EC0-301F-11D3-BF4B-00C04F79EFBC}") = "AntarticRepublicSecurity", "AntarticRepublicSecurity\AntarticRepublicSecurity.csproj", "{24DEF245-2C5B-42FA-A452-D9AD0EB4449C}"
EndProject
Project("{FAE04EC0-301F-11D3-BF4B-00C04F79EFBC}") = "EncrypterTests", "EncrypterTests\EncrypterTests.csproj", "{0EB6DAB5-1162-462B-BBF5-514F8813DB1F}"
EndProject
Global
	GlobalSection(SolutionConfigurationPlatforms) = preSolution
		Debug|Any CPU = Debug|Any CPU
		Release|Any CPU = Release|Any CPU
	EndGlobalSection
	GlobalSection(ProjectConfigurationPlatforms) = postSolution
		{24DEF245-2C5B-42FA-A452-D9AD0EB4449C}.Debug|Any CPU.ActiveCfg = Debug|Any CPU
		{24DEF245-2C5B-42FA-A452-D9AD0EB4449C}.Debug|Any CPU.Build.0 = Debug|Any CPU
		{24DEF245-2C5B-42FA-A452-D9AD0EB4449C}.Release|Any CPU.ActiveCfg = Release|Any CPU
		{24DEF245-2C5B-42FA-A452-D9AD0EB4449C}.Release|Any CPU.Build.0 = Release|Any CPU
		{0EB6DAB5-1162-462B-BBF5-514F8813DB1F}.Debug|Any CPU.ActiveCfg = Debug|Any CPU
		{0EB6DAB5-1162-462B-BBF5-514F8813DB1F}.Debug|Any CPU.Build.0 = Debug|Any CPU
		{0EB6DAB5-1162-462B-BBF5-514F8813DB1F}.Release|Any CPU.ActiveCfg = Release|Any CPU
		{0EB6DAB5-1162-462B-BBF5-514F8813DB1F}.Release|Any CPU.Build.0 = Release|Any CPU
	EndGlobalSection
	GlobalSection(SolutionProperties) = preSolution
		HideSolutionNode = FALSE
	EndGlobalSection
EndGlobal
